
Microsoft Visual Studio Solution File, Format Version 12.00
# Visual Studio Version 16
VisualStudioVersion = 16.0.31702.278
MinimumVisualStudioVersion = 10.0.40219.1
Project("{FAE04EC0-301F-11D3-BF4B-00C04F79EFBC}") = "FilesReadWrite", "FilesReadWrite\FilesReadWrite.csproj", "{69A10ABB-74DE-48BA-9308-9577B756B57A}"
EndProject
Global
	GlobalSection(SolutionConfigurationPlatforms) = preSolution
		Debug|Any CPU = Debug|Any CPU
		Release|Any CPU = Release|Any CPU
	EndGlobalSection
	GlobalSection(ProjectConfigurationPlatforms) = postSolution
		{69A10ABB-74DE-48BA-9308-9577B756B57A}.Debug|Any CPU.ActiveCfg = Debug|Any CPU
		{69A10ABB-74DE-48BA-9308-9577B756B57A}.Debug|Any CPU.Build.0 = Debug|Any CPU
		{69A10ABB-74DE-48BA-9308-9577B756B57A}.Release|Any CPU.ActiveCfg = Release|Any CPU
		{69A10ABB-74DE-48BA-9308-9577B756B57A}.Release|Any CPU.Build.0 = Release|Any CPU
	EndGlobalSection
	GlobalSection(SolutionProperties) = preSolution
		HideSolutionNode = FALSE
	EndGlobalSection
	GlobalSection(ExtensibilityGlobals) = postSolution
		SolutionGuid = {916D7A96-343B-4BB0-8AFF-350437B7EE4A}
	EndGlobalSection
EndGlobal
