
Microsoft Visual Studio Solution File, Format Version 12.00
# Visual Studio Version 16
VisualStudioVersion = 16.0.31205.134
MinimumVisualStudioVersion = 10.0.40219.1
Project("{FAE04EC0-301F-11D3-BF4B-00C04F79EFBC}") = "TheFantasticConverter", "TheFantasticConverter\TheFantasticConverter.csproj", "{47F6F015-328A-4689-8003-83C8EED10310}"
EndProject
Global
	GlobalSection(SolutionConfigurationPlatforms) = preSolution
		Debug|Any CPU = Debug|Any CPU
		Release|Any CPU = Release|Any CPU
	EndGlobalSection
	GlobalSection(ProjectConfigurationPlatforms) = postSolution
		{47F6F015-328A-4689-8003-83C8EED10310}.Debug|Any CPU.ActiveCfg = Debug|Any CPU
		{47F6F015-328A-4689-8003-83C8EED10310}.Debug|Any CPU.Build.0 = Debug|Any CPU
		{47F6F015-328A-4689-8003-83C8EED10310}.Release|Any CPU.ActiveCfg = Release|Any CPU
		{47F6F015-328A-4689-8003-83C8EED10310}.Release|Any CPU.Build.0 = Release|Any CPU
	EndGlobalSection
	GlobalSection(SolutionProperties) = preSolution
		HideSolutionNode = FALSE
	EndGlobalSection
	GlobalSection(ExtensibilityGlobals) = postSolution
		SolutionGuid = {BC60B12B-F7B4-47E4-9669-8D8046660EA8}
	EndGlobalSection
EndGlobal
