
Microsoft Visual Studio Solution File, Format Version 12.00
# Visual Studio Version 16
VisualStudioVersion = 16.0.31702.278
MinimumVisualStudioVersion = 10.0.40219.1
Project("{FAE04EC0-301F-11D3-BF4B-00C04F79EFBC}") = "TrainTravelCo", "TrainTravelCo\TrainTravelCo.csproj", "{C5C852ED-1199-46FD-A605-764C61F27356}"
EndProject
Global
	GlobalSection(SolutionConfigurationPlatforms) = preSolution
		Debug|Any CPU = Debug|Any CPU
		Release|Any CPU = Release|Any CPU
	EndGlobalSection
	GlobalSection(ProjectConfigurationPlatforms) = postSolution
		{C5C852ED-1199-46FD-A605-764C61F27356}.Debug|Any CPU.ActiveCfg = Debug|Any CPU
		{C5C852ED-1199-46FD-A605-764C61F27356}.Debug|Any CPU.Build.0 = Debug|Any CPU
		{C5C852ED-1199-46FD-A605-764C61F27356}.Release|Any CPU.ActiveCfg = Release|Any CPU
		{C5C852ED-1199-46FD-A605-764C61F27356}.Release|Any CPU.Build.0 = Release|Any CPU
	EndGlobalSection
	GlobalSection(SolutionProperties) = preSolution
		HideSolutionNode = FALSE
	EndGlobalSection
	GlobalSection(ExtensibilityGlobals) = postSolution
		SolutionGuid = {182C4385-EB67-43E5-B86D-272B960F06C0}
	EndGlobalSection
EndGlobal
