
Microsoft Visual Studio Solution File, Format Version 12.00
# Visual Studio Version 16
VisualStudioVersion = 16.0.31702.278
MinimumVisualStudioVersion = 10.0.40219.1
Project("{FAE04EC0-301F-11D3-BF4B-00C04F79EFBC}") = "ConsoleFileExplorer", "ConsoleFileExplorer\ConsoleFileExplorer.csproj", "{55F9BC82-629B-4783-8DC8-F4C76CF418A2}"
EndProject
Global
	GlobalSection(SolutionConfigurationPlatforms) = preSolution
		Debug|Any CPU = Debug|Any CPU
		Release|Any CPU = Release|Any CPU
	EndGlobalSection
	GlobalSection(ProjectConfigurationPlatforms) = postSolution
		{55F9BC82-629B-4783-8DC8-F4C76CF418A2}.Debug|Any CPU.ActiveCfg = Debug|Any CPU
		{55F9BC82-629B-4783-8DC8-F4C76CF418A2}.Debug|Any CPU.Build.0 = Debug|Any CPU
		{55F9BC82-629B-4783-8DC8-F4C76CF418A2}.Release|Any CPU.ActiveCfg = Release|Any CPU
		{55F9BC82-629B-4783-8DC8-F4C76CF418A2}.Release|Any CPU.Build.0 = Release|Any CPU
	EndGlobalSection
	GlobalSection(SolutionProperties) = preSolution
		HideSolutionNode = FALSE
	EndGlobalSection
	GlobalSection(ExtensibilityGlobals) = postSolution
		SolutionGuid = {DE8005D9-B1B6-4CCA-A5D3-DFF264D3A651}
	EndGlobalSection
EndGlobal
